{
  "requires": true,
  "lockfileVersion": 1,
  "dependencies": {
    "bootstrap": {
      "version": "4.5.0",
      "resolved": "https://registry.npmjs.org/bootstrap/-/bootstrap-4.5.0.tgz",
      "integrity": "sha512-Z93QoXvodoVslA+PWNdk23Hze4RBYIkpb5h8I2HY2Tu2h7A0LpAgLcyrhrSUyo2/Oxm2l1fRZPs1e5hnxnliXA=="
    },
    "vue-cli-plugin-bootstrap-vue": {
      "version": "0.6.0",
      "resolved": "https://registry.npmjs.org/vue-cli-plugin-bootstrap-vue/-/vue-cli-plugin-bootstrap-vue-0.6.0.tgz",
      "integrity": "sha512-sgW3hPlD26AHGJSCoPmEeF1l3KeB/r18nfOAq9RkhIZx5hEwV4jZuiBCxdiyOsha0L5PiegKoofA4gn4c0eLcQ==",
      "dev": true
    }
  }
}
